
Microsoft Visual Studio Solution File, Format Version 12.00
# Visual Studio 14
VisualStudioVersion = 14.0.25123.0
MinimumVisualStudioVersion = 10.0.40219.1
Project("{FAE04EC0-301F-11D3-BF4B-00C04F79EFBC}") = "Windows2FAuth", "Windows2FAuth\Windows2FAuth.csproj", "{AAC15088-F7CA-4455-88DA-D2C752994426}"
	ProjectSection(ProjectDependencies) = postProject
		{847DDA6A-9788-4B74-86FE-E7471F7E5D77} = {847DDA6A-9788-4B74-86FE-E7471F7E5D77}
	EndProjectSection
EndProject
Project("{FAE04EC0-301F-11D3-BF4B-00C04F79EFBC}") = "2FAuthAndroid", "2FAuthAndroid\2FAuthAndroid.csproj", "{E64F9687-3682-40A7-BF49-A8AB9671E1DC}"
	ProjectSection(ProjectDependencies) = postProject
		{847DDA6A-9788-4B74-86FE-E7471F7E5D77} = {847DDA6A-9788-4B74-86FE-E7471F7E5D77}
		{B544C08C-7F75-4B68-91F5-3B0AFE17937B} = {B544C08C-7F75-4B68-91F5-3B0AFE17937B}
	EndProjectSection
EndProject
Project("{FAE04EC0-301F-11D3-BF4B-00C04F79EFBC}") = "2FAuthAndroidLibrary", "2FAuthAndroidLibrary\2FAuthAndroidLibrary.csproj", "{847DDA6A-9788-4B74-86FE-E7471F7E5D77}"
EndProject
Project("{FAE04EC0-301F-11D3-BF4B-00C04F79EFBC}") = "FastAndroidCamera", "FastAndroidCamera-master\FastAndroidCamera.csproj", "{B544C08C-7F75-4B68-91F5-3B0AFE17937B}"
EndProject
Global
	GlobalSection(SolutionConfigurationPlatforms) = preSolution
		AppStore|Any CPU = AppStore|Any CPU
		AppStore|ARM = AppStore|ARM
		AppStore|iPhone = AppStore|iPhone
		AppStore|iPhoneSimulator = AppStore|iPhoneSimulator
		AppStore|x86 = AppStore|x86
		Debug|Any CPU = Debug|Any CPU
		Debug|ARM = Debug|ARM
		Debug|iPhone = Debug|iPhone
		Debug|iPhoneSimulator = Debug|iPhoneSimulator
		Debug|x86 = Debug|x86
		Droid|Any CPU = Droid|Any CPU
		Droid|ARM = Droid|ARM
		Droid|iPhone = Droid|iPhone
		Droid|iPhoneSimulator = Droid|iPhoneSimulator
		Droid|x86 = Droid|x86
		Release|Any CPU = Release|Any CPU
		Release|ARM = Release|ARM
		Release|iPhone = Release|iPhone
		Release|iPhoneSimulator = Release|iPhoneSimulator
		Release|x86 = Release|x86
	EndGlobalSection
	GlobalSection(ProjectConfigurationPlatforms) = postSolution
		{AAC15088-F7CA-4455-88DA-D2C752994426}.AppStore|Any CPU.ActiveCfg = Release|Any CPU
		{AAC15088-F7CA-4455-88DA-D2C752994426}.AppStore|Any CPU.Build.0 = Release|Any CPU
		{AAC15088-F7CA-4455-88DA-D2C752994426}.AppStore|ARM.ActiveCfg = Release|Any CPU
		{AAC15088-F7CA-4455-88DA-D2C752994426}.AppStore|ARM.Build.0 = Release|Any CPU
		{AAC15088-F7CA-4455-88DA-D2C752994426}.AppStore|iPhone.ActiveCfg = Release|Any CPU
		{AAC15088-F7CA-4455-88DA-D2C752994426}.AppStore|iPhone.Build.0 = Release|Any CPU
		{AAC15088-F7CA-4455-88DA-D2C752994426}.AppStore|iPhoneSimulator.ActiveCfg = Release|Any CPU
		{AAC15088-F7CA-4455-88DA-D2C752994426}.AppStore|iPhoneSimulator.Build.0 = Release|Any CPU
		{AAC15088-F7CA-4455-88DA-D2C752994426}.AppStore|x86.ActiveCfg = Release|Any CPU
		{AAC15088-F7CA-4455-88DA-D2C752994426}.AppStore|x86.Build.0 = Release|Any CPU
		{AAC15088-F7CA-4455-88DA-D2C752994426}.Debug|Any CPU.ActiveCfg = Debug|Any CPU
		{AAC15088-F7CA-4455-88DA-D2C752994426}.Debug|Any CPU.Build.0 = Debug|Any CPU
		{AAC15088-F7CA-4455-88DA-D2C752994426}.Debug|ARM.ActiveCfg = Debug|Any CPU
		{AAC15088-F7CA-4455-88DA-D2C752994426}.Debug|ARM.Build.0 = Debug|Any CPU
		{AAC15088-F7CA-4455-88DA-D2C752994426}.Debug|iPhone.ActiveCfg = Debug|Any CPU
		{AAC15088-F7CA-4455-88DA-D2C752994426}.Debug|iPhone.Build.0 = Debug|Any CPU
		{AAC15088-F7CA-4455-88DA-D2C752994426}.Debug|iPhoneSimulator.ActiveCfg = Debug|Any CPU
		{AAC15088-F7CA-4455-88DA-D2C752994426}.Debug|iPhoneSimulator.Build.0 = Debug|Any CPU
		{AAC15088-F7CA-4455-88DA-D2C752994426}.Debug|x86.ActiveCfg = Debug|Any CPU
		{AAC15088-F7CA-4455-88DA-D2C752994426}.Debug|x86.Build.0 = Debug|Any CPU
		{AAC15088-F7CA-4455-88DA-D2C752994426}.Droid|Any CPU.ActiveCfg = Debug|Any CPU
		{AAC15088-F7CA-4455-88DA-D2C752994426}.Droid|Any CPU.Build.0 = Debug|Any CPU
		{AAC15088-F7CA-4455-88DA-D2C752994426}.Droid|ARM.ActiveCfg = Debug|Any CPU
		{AAC15088-F7CA-4455-88DA-D2C752994426}.Droid|ARM.Build.0 = Debug|Any CPU
		{AAC15088-F7CA-4455-88DA-D2C752994426}.Droid|iPhone.ActiveCfg = Debug|Any CPU
		{AAC15088-F7CA-4455-88DA-D2C752994426}.Droid|iPhone.Build.0 = Debug|Any CPU
		{AAC15088-F7CA-4455-88DA-D2C752994426}.Droid|iPhoneSimulator.ActiveCfg = Debug|Any CPU
		{AAC15088-F7CA-4455-88DA-D2C752994426}.Droid|iPhoneSimulator.Build.0 = Debug|Any CPU
		{AAC15088-F7CA-4455-88DA-D2C752994426}.Droid|x86.ActiveCfg = Debug|Any CPU
		{AAC15088-F7CA-4455-88DA-D2C752994426}.Droid|x86.Build.0 = Debug|Any CPU
		{AAC15088-F7CA-4455-88DA-D2C752994426}.Release|Any CPU.ActiveCfg = Release|Any CPU
		{AAC15088-F7CA-4455-88DA-D2C752994426}.Release|Any CPU.Build.0 = Release|Any CPU
		{AAC15088-F7CA-4455-88DA-D2C752994426}.Release|ARM.ActiveCfg = Release|Any CPU
		{AAC15088-F7CA-4455-88DA-D2C752994426}.Release|ARM.Build.0 = Release|Any CPU
		{AAC15088-F7CA-4455-88DA-D2C752994426}.Release|iPhone.ActiveCfg = Release|Any CPU
		{AAC15088-F7CA-4455-88DA-D2C752994426}.Release|iPhone.Build.0 = Release|Any CPU
		{AAC15088-F7CA-4455-88DA-D2C752994426}.Release|iPhoneSimulator.ActiveCfg = Release|Any CPU
		{AAC15088-F7CA-4455-88DA-D2C752994426}.Release|iPhoneSimulator.Build.0 = Release|Any CPU
		{AAC15088-F7CA-4455-88DA-D2C752994426}.Release|x86.ActiveCfg = Release|Any CPU
		{AAC15088-F7CA-4455-88DA-D2C752994426}.Release|x86.Build.0 = Release|Any CPU
		{E64F9687-3682-40A7-BF49-A8AB9671E1DC}.AppStore|Any CPU.ActiveCfg = Release|Any CPU
		{E64F9687-3682-40A7-BF49-A8AB9671E1DC}.AppStore|Any CPU.Build.0 = Release|Any CPU
		{E64F9687-3682-40A7-BF49-A8AB9671E1DC}.AppStore|Any CPU.Deploy.0 = Release|Any CPU
		{E64F9687-3682-40A7-BF49-A8AB9671E1DC}.AppStore|ARM.ActiveCfg = Release|Any CPU
		{E64F9687-3682-40A7-BF49-A8AB9671E1DC}.AppStore|ARM.Build.0 = Release|Any CPU
		{E64F9687-3682-40A7-BF49-A8AB9671E1DC}.AppStore|ARM.Deploy.0 = Release|Any CPU
		{E64F9687-3682-40A7-BF49-A8AB9671E1DC}.AppStore|iPhone.ActiveCfg = Release|Any CPU
		{E64F9687-3682-40A7-BF49-A8AB9671E1DC}.AppStore|iPhone.Build.0 = Release|Any CPU
		{E64F9687-3682-40A7-BF49-A8AB9671E1DC}.AppStore|iPhone.Deploy.0 = Release|Any CPU
		{E64F9687-3682-40A7-BF49-A8AB9671E1DC}.AppStore|iPhoneSimulator.ActiveCfg = Release|Any CPU
		{E64F9687-3682-40A7-BF49-A8AB9671E1DC}.AppStore|iPhoneSimulator.Build.0 = Release|Any CPU
		{E64F9687-3682-40A7-BF49-A8AB9671E1DC}.AppStore|iPhoneSimulator.Deploy.0 = Release|Any CPU
		{E64F9687-3682-40A7-BF49-A8AB9671E1DC}.AppStore|x86.ActiveCfg = Release|Any CPU
		{E64F9687-3682-40A7-BF49-A8AB9671E1DC}.AppStore|x86.Build.0 = Release|Any CPU
		{E64F9687-3682-40A7-BF49-A8AB9671E1DC}.AppStore|x86.Deploy.0 = Release|Any CPU
		{E64F9687-3682-40A7-BF49-A8AB9671E1DC}.Debug|Any CPU.ActiveCfg = Debug|Any CPU
		{E64F9687-3682-40A7-BF49-A8AB9671E1DC}.Debug|Any CPU.Build.0 = Debug|Any CPU
		{E64F9687-3682-40A7-BF49-A8AB9671E1DC}.Debug|Any CPU.Deploy.0 = Debug|Any CPU
		{E64F9687-3682-40A7-BF49-A8AB9671E1DC}.Debug|ARM.ActiveCfg = Debug|Any CPU
		{E64F9687-3682-40A7-BF49-A8AB9671E1DC}.Debug|ARM.Build.0 = Debug|Any CPU
		{E64F9687-3682-40A7-BF49-A8AB9671E1DC}.Debug|ARM.Deploy.0 = Debug|Any CPU
		{E64F9687-3682-40A7-BF49-A8AB9671E1DC}.Debug|iPhone.ActiveCfg = Debug|Any CPU
		{E64F9687-3682-40A7-BF49-A8AB9671E1DC}.Debug|iPhone.Build.0 = Debug|Any CPU
		{E64F9687-3682-40A7-BF49-A8AB9671E1DC}.Debug|iPhone.Deploy.0 = Debug|Any CPU
		{E64F9687-3682-40A7-BF49-A8AB9671E1DC}.Debug|iPhoneSimulator.ActiveCfg = Debug|Any CPU
		{E64F9687-3682-40A7-BF49-A8AB9671E1DC}.Debug|iPhoneSimulator.Build.0 = Debug|Any CPU
		{E64F9687-3682-40A7-BF49-A8AB9671E1DC}.Debug|iPhoneSimulator.Deploy.0 = Debug|Any CPU
		{E64F9687-3682-40A7-BF49-A8AB9671E1DC}.Debug|x86.ActiveCfg = Debug|Any CPU
		{E64F9687-3682-40A7-BF49-A8AB9671E1DC}.Debug|x86.Build.0 = Debug|Any CPU
		{E64F9687-3682-40A7-BF49-A8AB9671E1DC}.Debug|x86.Deploy.0 = Debug|Any CPU
		{E64F9687-3682-40A7-BF49-A8AB9671E1DC}.Droid|Any CPU.ActiveCfg = Debug|Any CPU
		{E64F9687-3682-40A7-BF49-A8AB9671E1DC}.Droid|Any CPU.Build.0 = Debug|Any CPU
		{E64F9687-3682-40A7-BF49-A8AB9671E1DC}.Droid|Any CPU.Deploy.0 = Debug|Any CPU
		{E64F9687-3682-40A7-BF49-A8AB9671E1DC}.Droid|ARM.ActiveCfg = Debug|Any CPU
		{E64F9687-3682-40A7-BF49-A8AB9671E1DC}.Droid|ARM.Build.0 = Debug|Any CPU
		{E64F9687-3682-40A7-BF49-A8AB9671E1DC}.Droid|ARM.Deploy.0 = Debug|Any CPU
		{E64F9687-3682-40A7-BF49-A8AB9671E1DC}.Droid|iPhone.ActiveCfg = Debug|Any CPU
		{E64F9687-3682-40A7-BF49-A8AB9671E1DC}.Droid|iPhone.Build.0 = Debug|Any CPU
		{E64F9687-3682-40A7-BF49-A8AB9671E1DC}.Droid|iPhone.Deploy.0 = Debug|Any CPU
		{E64F9687-3682-40A7-BF49-A8AB9671E1DC}.Droid|iPhoneSimulator.ActiveCfg = Debug|Any CPU
		{E64F9687-3682-40A7-BF49-A8AB9671E1DC}.Droid|iPhoneSimulator.Build.0 = Debug|Any CPU
		{E64F9687-3682-40A7-BF49-A8AB9671E1DC}.Droid|iPhoneSimulator.Deploy.0 = Debug|Any CPU
		{E64F9687-3682-40A7-BF49-A8AB9671E1DC}.Droid|x86.ActiveCfg = Debug|Any CPU
		{E64F9687-3682-40A7-BF49-A8AB9671E1DC}.Droid|x86.Build.0 = Debug|Any CPU
		{E64F9687-3682-40A7-BF49-A8AB9671E1DC}.Droid|x86.Deploy.0 = Debug|Any CPU
		{E64F9687-3682-40A7-BF49-A8AB9671E1DC}.Release|Any CPU.ActiveCfg = Release|Any CPU
		{E64F9687-3682-40A7-BF49-A8AB9671E1DC}.Release|Any CPU.Build.0 = Release|Any CPU
		{E64F9687-3682-40A7-BF49-A8AB9671E1DC}.Release|Any CPU.Deploy.0 = Release|Any CPU
		{E64F9687-3682-40A7-BF49-A8AB9671E1DC}.Release|ARM.ActiveCfg = Release|Any CPU
		{E64F9687-3682-40A7-BF49-A8AB9671E1DC}.Release|ARM.Build.0 = Release|Any CPU
		{E64F9687-3682-40A7-BF49-A8AB9671E1DC}.Release|ARM.Deploy.0 = Release|Any CPU
		{E64F9687-3682-40A7-BF49-A8AB9671E1DC}.Release|iPhone.ActiveCfg = Release|Any CPU
		{E64F9687-3682-40A7-BF49-A8AB9671E1DC}.Release|iPhone.Build.0 = Release|Any CPU
		{E64F9687-3682-40A7-BF49-A8AB9671E1DC}.Release|iPhone.Deploy.0 = Release|Any CPU
		{E64F9687-3682-40A7-BF49-A8AB9671E1DC}.Release|iPhoneSimulator.ActiveCfg = Release|Any CPU
		{E64F9687-3682-40A7-BF49-A8AB9671E1DC}.Release|iPhoneSimulator.Build.0 = Release|Any CPU
		{E64F9687-3682-40A7-BF49-A8AB9671E1DC}.Release|iPhoneSimulator.Deploy.0 = Release|Any CPU
		{E64F9687-3682-40A7-BF49-A8AB9671E1DC}.Release|x86.ActiveCfg = Release|Any CPU
		{E64F9687-3682-40A7-BF49-A8AB9671E1DC}.Release|x86.Build.0 = Release|Any CPU
		{E64F9687-3682-40A7-BF49-A8AB9671E1DC}.Release|x86.Deploy.0 = Release|Any CPU
		{847DDA6A-9788-4B74-86FE-E7471F7E5D77}.AppStore|Any CPU.ActiveCfg = Release|Any CPU
		{847DDA6A-9788-4B74-86FE-E7471F7E5D77}.AppStore|Any CPU.Build.0 = Release|Any CPU
		{847DDA6A-9788-4B74-86FE-E7471F7E5D77}.AppStore|ARM.ActiveCfg = Release|Any CPU
		{847DDA6A-9788-4B74-86FE-E7471F7E5D77}.AppStore|ARM.Build.0 = Release|Any CPU
		{847DDA6A-9788-4B74-86FE-E7471F7E5D77}.AppStore|iPhone.ActiveCfg = Release|Any CPU
		{847DDA6A-9788-4B74-86FE-E7471F7E5D77}.AppStore|iPhone.Build.0 = Release|Any CPU
		{847DDA6A-9788-4B74-86FE-E7471F7E5D77}.AppStore|iPhoneSimulator.ActiveCfg = Release|Any CPU
		{847DDA6A-9788-4B74-86FE-E7471F7E5D77}.AppStore|iPhoneSimulator.Build.0 = Release|Any CPU
		{847DDA6A-9788-4B74-86FE-E7471F7E5D77}.AppStore|x86.ActiveCfg = Release|Any CPU
		{847DDA6A-9788-4B74-86FE-E7471F7E5D77}.AppStore|x86.Build.0 = Release|Any CPU
		{847DDA6A-9788-4B74-86FE-E7471F7E5D77}.Debug|Any CPU.ActiveCfg = Debug|Any CPU
		{847DDA6A-9788-4B74-86FE-E7471F7E5D77}.Debug|Any CPU.Build.0 = Debug|Any CPU
		{847DDA6A-9788-4B74-86FE-E7471F7E5D77}.Debug|ARM.ActiveCfg = Debug|Any CPU
		{847DDA6A-9788-4B74-86FE-E7471F7E5D77}.Debug|ARM.Build.0 = Debug|Any CPU
		{847DDA6A-9788-4B74-86FE-E7471F7E5D77}.Debug|iPhone.ActiveCfg = Debug|Any CPU
		{847DDA6A-9788-4B74-86FE-E7471F7E5D77}.Debug|iPhone.Build.0 = Debug|Any CPU
		{847DDA6A-9788-4B74-86FE-E7471F7E5D77}.Debug|iPhoneSimulator.ActiveCfg = Debug|Any CPU
		{847DDA6A-9788-4B74-86FE-E7471F7E5D77}.Debug|iPhoneSimulator.Build.0 = Debug|Any CPU
		{847DDA6A-9788-4B74-86FE-E7471F7E5D77}.Debug|x86.ActiveCfg = Debug|Any CPU
		{847DDA6A-9788-4B74-86FE-E7471F7E5D77}.Debug|x86.Build.0 = Debug|Any CPU
		{847DDA6A-9788-4B74-86FE-E7471F7E5D77}.Droid|Any CPU.ActiveCfg = Debug|Any CPU
		{847DDA6A-9788-4B74-86FE-E7471F7E5D77}.Droid|Any CPU.Build.0 = Debug|Any CPU
		{847DDA6A-9788-4B74-86FE-E7471F7E5D77}.Droid|ARM.ActiveCfg = Debug|Any CPU
		{847DDA6A-9788-4B74-86FE-E7471F7E5D77}.Droid|ARM.Build.0 = Debug|Any CPU
		{847DDA6A-9788-4B74-86FE-E7471F7E5D77}.Droid|iPhone.ActiveCfg = Debug|Any CPU
		{847DDA6A-9788-4B74-86FE-E7471F7E5D77}.Droid|iPhone.Build.0 = Debug|Any CPU
		{847DDA6A-9788-4B74-86FE-E7471F7E5D77}.Droid|iPhoneSimulator.ActiveCfg = Debug|Any CPU
		{847DDA6A-9788-4B74-86FE-E7471F7E5D77}.Droid|iPhoneSimulator.Build.0 = Debug|Any CPU
		{847DDA6A-9788-4B74-86FE-E7471F7E5D77}.Droid|x86.ActiveCfg = Debug|Any CPU
		{847DDA6A-9788-4B74-86FE-E7471F7E5D77}.Droid|x86.Build.0 = Debug|Any CPU
		{847DDA6A-9788-4B74-86FE-E7471F7E5D77}.Release|Any CPU.ActiveCfg = Release|Any CPU
		{847DDA6A-9788-4B74-86FE-E7471F7E5D77}.Release|Any CPU.Build.0 = Release|Any CPU
		{847DDA6A-9788-4B74-86FE-E7471F7E5D77}.Release|ARM.ActiveCfg = Release|Any CPU
		{847DDA6A-9788-4B74-86FE-E7471F7E5D77}.Release|ARM.Build.0 = Release|Any CPU
		{847DDA6A-9788-4B74-86FE-E7471F7E5D77}.Release|iPhone.ActiveCfg = Release|Any CPU
		{847DDA6A-9788-4B74-86FE-E7471F7E5D77}.Release|iPhone.Build.0 = Release|Any CPU
		{847DDA6A-9788-4B74-86FE-E7471F7E5D77}.Release|iPhoneSimulator.ActiveCfg = Release|Any CPU
		{847DDA6A-9788-4B74-86FE-E7471F7E5D77}.Release|iPhoneSimulator.Build.0 = Release|Any CPU
		{847DDA6A-9788-4B74-86FE-E7471F7E5D77}.Release|x86.ActiveCfg = Release|Any CPU
		{847DDA6A-9788-4B74-86FE-E7471F7E5D77}.Release|x86.Build.0 = Release|Any CPU
		{B544C08C-7F75-4B68-91F5-3B0AFE17937B}.AppStore|Any CPU.ActiveCfg = Droid|Any CPU
		{B544C08C-7F75-4B68-91F5-3B0AFE17937B}.AppStore|Any CPU.Build.0 = Droid|Any CPU
		{B544C08C-7F75-4B68-91F5-3B0AFE17937B}.AppStore|ARM.ActiveCfg = Droid|Any CPU
		{B544C08C-7F75-4B68-91F5-3B0AFE17937B}.AppStore|ARM.Build.0 = Droid|Any CPU
		{B544C08C-7F75-4B68-91F5-3B0AFE17937B}.AppStore|iPhone.ActiveCfg = Droid|Any CPU
		{B544C08C-7F75-4B68-91F5-3B0AFE17937B}.AppStore|iPhone.Build.0 = Droid|Any CPU
		{B544C08C-7F75-4B68-91F5-3B0AFE17937B}.AppStore|iPhoneSimulator.ActiveCfg = Droid|Any CPU
		{B544C08C-7F75-4B68-91F5-3B0AFE17937B}.AppStore|iPhoneSimulator.Build.0 = Droid|Any CPU
		{B544C08C-7F75-4B68-91F5-3B0AFE17937B}.AppStore|x86.ActiveCfg = Droid|Any CPU
		{B544C08C-7F75-4B68-91F5-3B0AFE17937B}.AppStore|x86.Build.0 = Droid|Any CPU
		{B544C08C-7F75-4B68-91F5-3B0AFE17937B}.Debug|Any CPU.ActiveCfg = Debug|Any CPU
		{B544C08C-7F75-4B68-91F5-3B0AFE17937B}.Debug|Any CPU.Build.0 = Debug|Any CPU
		{B544C08C-7F75-4B68-91F5-3B0AFE17937B}.Debug|ARM.ActiveCfg = Debug|Any CPU
		{B544C08C-7F75-4B68-91F5-3B0AFE17937B}.Debug|ARM.Build.0 = Debug|Any CPU
		{B544C08C-7F75-4B68-91F5-3B0AFE17937B}.Debug|iPhone.ActiveCfg = Debug|Any CPU
		{B544C08C-7F75-4B68-91F5-3B0AFE17937B}.Debug|iPhone.Build.0 = Debug|Any CPU
		{B544C08C-7F75-4B68-91F5-3B0AFE17937B}.Debug|iPhoneSimulator.ActiveCfg = Debug|Any CPU
		{B544C08C-7F75-4B68-91F5-3B0AFE17937B}.Debug|iPhoneSimulator.Build.0 = Debug|Any CPU
		{B544C08C-7F75-4B68-91F5-3B0AFE17937B}.Debug|x86.ActiveCfg = Debug|Any CPU
		{B544C08C-7F75-4B68-91F5-3B0AFE17937B}.Debug|x86.Build.0 = Debug|Any CPU
		{B544C08C-7F75-4B68-91F5-3B0AFE17937B}.Droid|Any CPU.ActiveCfg = Droid|Any CPU
		{B544C08C-7F75-4B68-91F5-3B0AFE17937B}.Droid|Any CPU.Build.0 = Droid|Any CPU
		{B544C08C-7F75-4B68-91F5-3B0AFE17937B}.Droid|ARM.ActiveCfg = Droid|Any CPU
		{B544C08C-7F75-4B68-91F5-3B0AFE17937B}.Droid|ARM.Build.0 = Droid|Any CPU
		{B544C08C-7F75-4B68-91F5-3B0AFE17937B}.Droid|iPhone.ActiveCfg = Droid|Any CPU
		{B544C08C-7F75-4B68-91F5-3B0AFE17937B}.Droid|iPhone.Build.0 = Droid|Any CPU
		{B544C08C-7F75-4B68-91F5-3B0AFE17937B}.Droid|iPhoneSimulator.ActiveCfg = Droid|Any CPU
		{B544C08C-7F75-4B68-91F5-3B0AFE17937B}.Droid|iPhoneSimulator.Build.0 = Droid|Any CPU
		{B544C08C-7F75-4B68-91F5-3B0AFE17937B}.Droid|x86.ActiveCfg = Droid|Any CPU
		{B544C08C-7F75-4B68-91F5-3B0AFE17937B}.Droid|x86.Build.0 = Droid|Any CPU
		{B544C08C-7F75-4B68-91F5-3B0AFE17937B}.Release|Any CPU.ActiveCfg = Release|Any CPU
		{B544C08C-7F75-4B68-91F5-3B0AFE17937B}.Release|Any CPU.Build.0 = Release|Any CPU
		{B544C08C-7F75-4B68-91F5-3B0AFE17937B}.Release|ARM.ActiveCfg = Release|Any CPU
		{B544C08C-7F75-4B68-91F5-3B0AFE17937B}.Release|ARM.Build.0 = Release|Any CPU
		{B544C08C-7F75-4B68-91F5-3B0AFE17937B}.Release|iPhone.ActiveCfg = Release|Any CPU
		{B544C08C-7F75-4B68-91F5-3B0AFE17937B}.Release|iPhone.Build.0 = Release|Any CPU
		{B544C08C-7F75-4B68-91F5-3B0AFE17937B}.Release|iPhoneSimulator.ActiveCfg = Release|Any CPU
		{B544C08C-7F75-4B68-91F5-3B0AFE17937B}.Release|iPhoneSimulator.Build.0 = Release|Any CPU
		{B544C08C-7F75-4B68-91F5-3B0AFE17937B}.Release|x86.ActiveCfg = Release|Any CPU
		{B544C08C-7F75-4B68-91F5-3B0AFE17937B}.Release|x86.Build.0 = Release|Any CPU
	EndGlobalSection
	GlobalSection(SolutionProperties) = preSolution
		HideSolutionNode = FALSE
	EndGlobalSection
EndGlobal
