
Microsoft Visual Studio Solution File, Format Version 12.00
# Visual Studio 14
VisualStudioVersion = 14.0.25123.0
MinimumVisualStudioVersion = 10.0.40219.1
Project("{FAE04EC0-301F-11D3-BF4B-00C04F79EFBC}") = "SteamAuth", "SteamAuth\SteamAuth.csproj", "{61935926-DF24-49F6-9126-BC88232F51A3}"
EndProject
Project("{FAE04EC0-301F-11D3-BF4B-00C04F79EFBC}") = "_2FAuthApp", "2FAuthApp\_2FAuthApp\_2FAuthApp.csproj", "{521C040B-D6AD-454A-A295-9D062869F007}"
	ProjectSection(ProjectDependencies) = postProject
		{61935926-DF24-49F6-9126-BC88232F51A3} = {61935926-DF24-49F6-9126-BC88232F51A3}
	EndProjectSection
EndProject
Project("{FAE04EC0-301F-11D3-BF4B-00C04F79EFBC}") = "Windows2FAuth", "Windows2FAuth\Windows2FAuth.csproj", "{AAC15088-F7CA-4455-88DA-D2C752994426}"
	ProjectSection(ProjectDependencies) = postProject
		{847DDA6A-9788-4B74-86FE-E7471F7E5D77} = {847DDA6A-9788-4B74-86FE-E7471F7E5D77}
	EndProjectSection
EndProject
Project("{FAE04EC0-301F-11D3-BF4B-00C04F79EFBC}") = "PCLCrypto", "..\PCLCrypto-master\src\PCLCrypto\PCLCrypto.csproj", "{63CEC67D-3BA0-453B-99B5-07CC0DDC3E1E}"
EndProject
Project("{FAE04EC0-301F-11D3-BF4B-00C04F79EFBC}") = "PCLCrypto.WinRT", "..\PCLCrypto-master\src\PCLCrypto.WinRT\PCLCrypto.WinRT.csproj", "{4879EE8F-2740-498D-B401-560F4EE66167}"
EndProject
Project("{FAE04EC0-301F-11D3-BF4B-00C04F79EFBC}") = "2FAuthAndroid", "2FAuthAndroid\2FAuthAndroid.csproj", "{E64F9687-3682-40A7-BF49-A8AB9671E1DC}"
	ProjectSection(ProjectDependencies) = postProject
		{847DDA6A-9788-4B74-86FE-E7471F7E5D77} = {847DDA6A-9788-4B74-86FE-E7471F7E5D77}
	EndProjectSection
EndProject
Project("{FAE04EC0-301F-11D3-BF4B-00C04F79EFBC}") = "2FAuthAndroidLibrary", "2FAuthAndroidLibrary\2FAuthAndroidLibrary.csproj", "{847DDA6A-9788-4B74-86FE-E7471F7E5D77}"
EndProject
Global
	GlobalSection(SolutionConfigurationPlatforms) = preSolution
		AppStore|Any CPU = AppStore|Any CPU
		AppStore|ARM = AppStore|ARM
		AppStore|iPhone = AppStore|iPhone
		AppStore|iPhoneSimulator = AppStore|iPhoneSimulator
		AppStore|x86 = AppStore|x86
		Debug|Any CPU = Debug|Any CPU
		Debug|ARM = Debug|ARM
		Debug|iPhone = Debug|iPhone
		Debug|iPhoneSimulator = Debug|iPhoneSimulator
		Debug|x86 = Debug|x86
		Release|Any CPU = Release|Any CPU
		Release|ARM = Release|ARM
		Release|iPhone = Release|iPhone
		Release|iPhoneSimulator = Release|iPhoneSimulator
		Release|x86 = Release|x86
	EndGlobalSection
	GlobalSection(ProjectConfigurationPlatforms) = postSolution
		{61935926-DF24-49F6-9126-BC88232F51A3}.AppStore|Any CPU.ActiveCfg = Release|Any CPU
		{61935926-DF24-49F6-9126-BC88232F51A3}.AppStore|Any CPU.Build.0 = Release|Any CPU
		{61935926-DF24-49F6-9126-BC88232F51A3}.AppStore|ARM.ActiveCfg = Release|Any CPU
		{61935926-DF24-49F6-9126-BC88232F51A3}.AppStore|ARM.Build.0 = Release|Any CPU
		{61935926-DF24-49F6-9126-BC88232F51A3}.AppStore|iPhone.ActiveCfg = Release|Any CPU
		{61935926-DF24-49F6-9126-BC88232F51A3}.AppStore|iPhone.Build.0 = Release|Any CPU
		{61935926-DF24-49F6-9126-BC88232F51A3}.AppStore|iPhoneSimulator.ActiveCfg = Release|Any CPU
		{61935926-DF24-49F6-9126-BC88232F51A3}.AppStore|iPhoneSimulator.Build.0 = Release|Any CPU
		{61935926-DF24-49F6-9126-BC88232F51A3}.AppStore|x86.ActiveCfg = Release|Any CPU
		{61935926-DF24-49F6-9126-BC88232F51A3}.AppStore|x86.Build.0 = Release|Any CPU
		{61935926-DF24-49F6-9126-BC88232F51A3}.Debug|Any CPU.ActiveCfg = Debug|Any CPU
		{61935926-DF24-49F6-9126-BC88232F51A3}.Debug|Any CPU.Build.0 = Debug|Any CPU
		{61935926-DF24-49F6-9126-BC88232F51A3}.Debug|ARM.ActiveCfg = Debug|Any CPU
		{61935926-DF24-49F6-9126-BC88232F51A3}.Debug|ARM.Build.0 = Debug|Any CPU
		{61935926-DF24-49F6-9126-BC88232F51A3}.Debug|iPhone.ActiveCfg = Debug|Any CPU
		{61935926-DF24-49F6-9126-BC88232F51A3}.Debug|iPhone.Build.0 = Debug|Any CPU
		{61935926-DF24-49F6-9126-BC88232F51A3}.Debug|iPhoneSimulator.ActiveCfg = Debug|Any CPU
		{61935926-DF24-49F6-9126-BC88232F51A3}.Debug|iPhoneSimulator.Build.0 = Debug|Any CPU
		{61935926-DF24-49F6-9126-BC88232F51A3}.Debug|x86.ActiveCfg = Debug|Any CPU
		{61935926-DF24-49F6-9126-BC88232F51A3}.Debug|x86.Build.0 = Debug|Any CPU
		{61935926-DF24-49F6-9126-BC88232F51A3}.Release|Any CPU.ActiveCfg = Release|Any CPU
		{61935926-DF24-49F6-9126-BC88232F51A3}.Release|Any CPU.Build.0 = Release|Any CPU
		{61935926-DF24-49F6-9126-BC88232F51A3}.Release|ARM.ActiveCfg = Release|Any CPU
		{61935926-DF24-49F6-9126-BC88232F51A3}.Release|ARM.Build.0 = Release|Any CPU
		{61935926-DF24-49F6-9126-BC88232F51A3}.Release|iPhone.ActiveCfg = Release|Any CPU
		{61935926-DF24-49F6-9126-BC88232F51A3}.Release|iPhone.Build.0 = Release|Any CPU
		{61935926-DF24-49F6-9126-BC88232F51A3}.Release|iPhoneSimulator.ActiveCfg = Release|Any CPU
		{61935926-DF24-49F6-9126-BC88232F51A3}.Release|iPhoneSimulator.Build.0 = Release|Any CPU
		{61935926-DF24-49F6-9126-BC88232F51A3}.Release|x86.ActiveCfg = Release|Any CPU
		{61935926-DF24-49F6-9126-BC88232F51A3}.Release|x86.Build.0 = Release|Any CPU
		{521C040B-D6AD-454A-A295-9D062869F007}.AppStore|Any CPU.ActiveCfg = Release|Any CPU
		{521C040B-D6AD-454A-A295-9D062869F007}.AppStore|Any CPU.Build.0 = Release|Any CPU
		{521C040B-D6AD-454A-A295-9D062869F007}.AppStore|ARM.ActiveCfg = Release|Any CPU
		{521C040B-D6AD-454A-A295-9D062869F007}.AppStore|ARM.Build.0 = Release|Any CPU
		{521C040B-D6AD-454A-A295-9D062869F007}.AppStore|iPhone.ActiveCfg = Release|Any CPU
		{521C040B-D6AD-454A-A295-9D062869F007}.AppStore|iPhone.Build.0 = Release|Any CPU
		{521C040B-D6AD-454A-A295-9D062869F007}.AppStore|iPhoneSimulator.ActiveCfg = Release|Any CPU
		{521C040B-D6AD-454A-A295-9D062869F007}.AppStore|iPhoneSimulator.Build.0 = Release|Any CPU
		{521C040B-D6AD-454A-A295-9D062869F007}.AppStore|x86.ActiveCfg = Release|Any CPU
		{521C040B-D6AD-454A-A295-9D062869F007}.AppStore|x86.Build.0 = Release|Any CPU
		{521C040B-D6AD-454A-A295-9D062869F007}.Debug|Any CPU.ActiveCfg = Debug|Any CPU
		{521C040B-D6AD-454A-A295-9D062869F007}.Debug|Any CPU.Build.0 = Debug|Any CPU
		{521C040B-D6AD-454A-A295-9D062869F007}.Debug|ARM.ActiveCfg = Debug|Any CPU
		{521C040B-D6AD-454A-A295-9D062869F007}.Debug|ARM.Build.0 = Debug|Any CPU
		{521C040B-D6AD-454A-A295-9D062869F007}.Debug|iPhone.ActiveCfg = Debug|Any CPU
		{521C040B-D6AD-454A-A295-9D062869F007}.Debug|iPhone.Build.0 = Debug|Any CPU
		{521C040B-D6AD-454A-A295-9D062869F007}.Debug|iPhoneSimulator.ActiveCfg = Debug|Any CPU
		{521C040B-D6AD-454A-A295-9D062869F007}.Debug|iPhoneSimulator.Build.0 = Debug|Any CPU
		{521C040B-D6AD-454A-A295-9D062869F007}.Debug|x86.ActiveCfg = Debug|Any CPU
		{521C040B-D6AD-454A-A295-9D062869F007}.Debug|x86.Build.0 = Debug|Any CPU
		{521C040B-D6AD-454A-A295-9D062869F007}.Release|Any CPU.ActiveCfg = Release|Any CPU
		{521C040B-D6AD-454A-A295-9D062869F007}.Release|Any CPU.Build.0 = Release|Any CPU
		{521C040B-D6AD-454A-A295-9D062869F007}.Release|ARM.ActiveCfg = Release|Any CPU
		{521C040B-D6AD-454A-A295-9D062869F007}.Release|ARM.Build.0 = Release|Any CPU
		{521C040B-D6AD-454A-A295-9D062869F007}.Release|iPhone.ActiveCfg = Release|Any CPU
		{521C040B-D6AD-454A-A295-9D062869F007}.Release|iPhone.Build.0 = Release|Any CPU
		{521C040B-D6AD-454A-A295-9D062869F007}.Release|iPhoneSimulator.ActiveCfg = Release|Any CPU
		{521C040B-D6AD-454A-A295-9D062869F007}.Release|iPhoneSimulator.Build.0 = Release|Any CPU
		{521C040B-D6AD-454A-A295-9D062869F007}.Release|x86.ActiveCfg = Release|Any CPU
		{521C040B-D6AD-454A-A295-9D062869F007}.Release|x86.Build.0 = Release|Any CPU
		{AAC15088-F7CA-4455-88DA-D2C752994426}.AppStore|Any CPU.ActiveCfg = Release|Any CPU
		{AAC15088-F7CA-4455-88DA-D2C752994426}.AppStore|Any CPU.Build.0 = Release|Any CPU
		{AAC15088-F7CA-4455-88DA-D2C752994426}.AppStore|ARM.ActiveCfg = Release|Any CPU
		{AAC15088-F7CA-4455-88DA-D2C752994426}.AppStore|ARM.Build.0 = Release|Any CPU
		{AAC15088-F7CA-4455-88DA-D2C752994426}.AppStore|iPhone.ActiveCfg = Release|Any CPU
		{AAC15088-F7CA-4455-88DA-D2C752994426}.AppStore|iPhone.Build.0 = Release|Any CPU
		{AAC15088-F7CA-4455-88DA-D2C752994426}.AppStore|iPhoneSimulator.ActiveCfg = Release|Any CPU
		{AAC15088-F7CA-4455-88DA-D2C752994426}.AppStore|iPhoneSimulator.Build.0 = Release|Any CPU
		{AAC15088-F7CA-4455-88DA-D2C752994426}.AppStore|x86.ActiveCfg = Release|Any CPU
		{AAC15088-F7CA-4455-88DA-D2C752994426}.AppStore|x86.Build.0 = Release|Any CPU
		{AAC15088-F7CA-4455-88DA-D2C752994426}.Debug|Any CPU.ActiveCfg = Debug|Any CPU
		{AAC15088-F7CA-4455-88DA-D2C752994426}.Debug|Any CPU.Build.0 = Debug|Any CPU
		{AAC15088-F7CA-4455-88DA-D2C752994426}.Debug|ARM.ActiveCfg = Debug|Any CPU
		{AAC15088-F7CA-4455-88DA-D2C752994426}.Debug|ARM.Build.0 = Debug|Any CPU
		{AAC15088-F7CA-4455-88DA-D2C752994426}.Debug|iPhone.ActiveCfg = Debug|Any CPU
		{AAC15088-F7CA-4455-88DA-D2C752994426}.Debug|iPhone.Build.0 = Debug|Any CPU
		{AAC15088-F7CA-4455-88DA-D2C752994426}.Debug|iPhoneSimulator.ActiveCfg = Debug|Any CPU
		{AAC15088-F7CA-4455-88DA-D2C752994426}.Debug|iPhoneSimulator.Build.0 = Debug|Any CPU
		{AAC15088-F7CA-4455-88DA-D2C752994426}.Debug|x86.ActiveCfg = Debug|Any CPU
		{AAC15088-F7CA-4455-88DA-D2C752994426}.Debug|x86.Build.0 = Debug|Any CPU
		{AAC15088-F7CA-4455-88DA-D2C752994426}.Release|Any CPU.ActiveCfg = Release|Any CPU
		{AAC15088-F7CA-4455-88DA-D2C752994426}.Release|Any CPU.Build.0 = Release|Any CPU
		{AAC15088-F7CA-4455-88DA-D2C752994426}.Release|ARM.ActiveCfg = Release|Any CPU
		{AAC15088-F7CA-4455-88DA-D2C752994426}.Release|ARM.Build.0 = Release|Any CPU
		{AAC15088-F7CA-4455-88DA-D2C752994426}.Release|iPhone.ActiveCfg = Release|Any CPU
		{AAC15088-F7CA-4455-88DA-D2C752994426}.Release|iPhone.Build.0 = Release|Any CPU
		{AAC15088-F7CA-4455-88DA-D2C752994426}.Release|iPhoneSimulator.ActiveCfg = Release|Any CPU
		{AAC15088-F7CA-4455-88DA-D2C752994426}.Release|iPhoneSimulator.Build.0 = Release|Any CPU
		{AAC15088-F7CA-4455-88DA-D2C752994426}.Release|x86.ActiveCfg = Release|Any CPU
		{AAC15088-F7CA-4455-88DA-D2C752994426}.Release|x86.Build.0 = Release|Any CPU
		{63CEC67D-3BA0-453B-99B5-07CC0DDC3E1E}.AppStore|Any CPU.ActiveCfg = Release|Any CPU
		{63CEC67D-3BA0-453B-99B5-07CC0DDC3E1E}.AppStore|Any CPU.Build.0 = Release|Any CPU
		{63CEC67D-3BA0-453B-99B5-07CC0DDC3E1E}.AppStore|ARM.ActiveCfg = Release|Any CPU
		{63CEC67D-3BA0-453B-99B5-07CC0DDC3E1E}.AppStore|ARM.Build.0 = Release|Any CPU
		{63CEC67D-3BA0-453B-99B5-07CC0DDC3E1E}.AppStore|iPhone.ActiveCfg = Release|Any CPU
		{63CEC67D-3BA0-453B-99B5-07CC0DDC3E1E}.AppStore|iPhone.Build.0 = Release|Any CPU
		{63CEC67D-3BA0-453B-99B5-07CC0DDC3E1E}.AppStore|iPhoneSimulator.ActiveCfg = Release|Any CPU
		{63CEC67D-3BA0-453B-99B5-07CC0DDC3E1E}.AppStore|iPhoneSimulator.Build.0 = Release|Any CPU
		{63CEC67D-3BA0-453B-99B5-07CC0DDC3E1E}.AppStore|x86.ActiveCfg = Release|Any CPU
		{63CEC67D-3BA0-453B-99B5-07CC0DDC3E1E}.AppStore|x86.Build.0 = Release|Any CPU
		{63CEC67D-3BA0-453B-99B5-07CC0DDC3E1E}.Debug|Any CPU.ActiveCfg = Debug|Any CPU
		{63CEC67D-3BA0-453B-99B5-07CC0DDC3E1E}.Debug|Any CPU.Build.0 = Debug|Any CPU
		{63CEC67D-3BA0-453B-99B5-07CC0DDC3E1E}.Debug|ARM.ActiveCfg = Debug|Any CPU
		{63CEC67D-3BA0-453B-99B5-07CC0DDC3E1E}.Debug|ARM.Build.0 = Debug|Any CPU
		{63CEC67D-3BA0-453B-99B5-07CC0DDC3E1E}.Debug|iPhone.ActiveCfg = Debug|Any CPU
		{63CEC67D-3BA0-453B-99B5-07CC0DDC3E1E}.Debug|iPhone.Build.0 = Debug|Any CPU
		{63CEC67D-3BA0-453B-99B5-07CC0DDC3E1E}.Debug|iPhoneSimulator.ActiveCfg = Debug|Any CPU
		{63CEC67D-3BA0-453B-99B5-07CC0DDC3E1E}.Debug|iPhoneSimulator.Build.0 = Debug|Any CPU
		{63CEC67D-3BA0-453B-99B5-07CC0DDC3E1E}.Debug|x86.ActiveCfg = Debug|Any CPU
		{63CEC67D-3BA0-453B-99B5-07CC0DDC3E1E}.Debug|x86.Build.0 = Debug|Any CPU
		{63CEC67D-3BA0-453B-99B5-07CC0DDC3E1E}.Release|Any CPU.ActiveCfg = Release|Any CPU
		{63CEC67D-3BA0-453B-99B5-07CC0DDC3E1E}.Release|Any CPU.Build.0 = Release|Any CPU
		{63CEC67D-3BA0-453B-99B5-07CC0DDC3E1E}.Release|ARM.ActiveCfg = Release|Any CPU
		{63CEC67D-3BA0-453B-99B5-07CC0DDC3E1E}.Release|ARM.Build.0 = Release|Any CPU
		{63CEC67D-3BA0-453B-99B5-07CC0DDC3E1E}.Release|iPhone.ActiveCfg = Release|Any CPU
		{63CEC67D-3BA0-453B-99B5-07CC0DDC3E1E}.Release|iPhone.Build.0 = Release|Any CPU
		{63CEC67D-3BA0-453B-99B5-07CC0DDC3E1E}.Release|iPhoneSimulator.ActiveCfg = Release|Any CPU
		{63CEC67D-3BA0-453B-99B5-07CC0DDC3E1E}.Release|iPhoneSimulator.Build.0 = Release|Any CPU
		{63CEC67D-3BA0-453B-99B5-07CC0DDC3E1E}.Release|x86.ActiveCfg = Release|Any CPU
		{63CEC67D-3BA0-453B-99B5-07CC0DDC3E1E}.Release|x86.Build.0 = Release|Any CPU
		{4879EE8F-2740-498D-B401-560F4EE66167}.AppStore|Any CPU.ActiveCfg = Release|Any CPU
		{4879EE8F-2740-498D-B401-560F4EE66167}.AppStore|Any CPU.Build.0 = Release|Any CPU
		{4879EE8F-2740-498D-B401-560F4EE66167}.AppStore|ARM.ActiveCfg = Release|Any CPU
		{4879EE8F-2740-498D-B401-560F4EE66167}.AppStore|ARM.Build.0 = Release|Any CPU
		{4879EE8F-2740-498D-B401-560F4EE66167}.AppStore|iPhone.ActiveCfg = Release|Any CPU
		{4879EE8F-2740-498D-B401-560F4EE66167}.AppStore|iPhone.Build.0 = Release|Any CPU
		{4879EE8F-2740-498D-B401-560F4EE66167}.AppStore|iPhoneSimulator.ActiveCfg = Release|Any CPU
		{4879EE8F-2740-498D-B401-560F4EE66167}.AppStore|iPhoneSimulator.Build.0 = Release|Any CPU
		{4879EE8F-2740-498D-B401-560F4EE66167}.AppStore|x86.ActiveCfg = Release|Any CPU
		{4879EE8F-2740-498D-B401-560F4EE66167}.AppStore|x86.Build.0 = Release|Any CPU
		{4879EE8F-2740-498D-B401-560F4EE66167}.Debug|Any CPU.ActiveCfg = Debug|Any CPU
		{4879EE8F-2740-498D-B401-560F4EE66167}.Debug|Any CPU.Build.0 = Debug|Any CPU
		{4879EE8F-2740-498D-B401-560F4EE66167}.Debug|ARM.ActiveCfg = Debug|Any CPU
		{4879EE8F-2740-498D-B401-560F4EE66167}.Debug|ARM.Build.0 = Debug|Any CPU
		{4879EE8F-2740-498D-B401-560F4EE66167}.Debug|iPhone.ActiveCfg = Debug|Any CPU
		{4879EE8F-2740-498D-B401-560F4EE66167}.Debug|iPhone.Build.0 = Debug|Any CPU
		{4879EE8F-2740-498D-B401-560F4EE66167}.Debug|iPhoneSimulator.ActiveCfg = Debug|Any CPU
		{4879EE8F-2740-498D-B401-560F4EE66167}.Debug|iPhoneSimulator.Build.0 = Debug|Any CPU
		{4879EE8F-2740-498D-B401-560F4EE66167}.Debug|x86.ActiveCfg = Debug|Any CPU
		{4879EE8F-2740-498D-B401-560F4EE66167}.Debug|x86.Build.0 = Debug|Any CPU
		{4879EE8F-2740-498D-B401-560F4EE66167}.Release|Any CPU.ActiveCfg = Release|Any CPU
		{4879EE8F-2740-498D-B401-560F4EE66167}.Release|Any CPU.Build.0 = Release|Any CPU
		{4879EE8F-2740-498D-B401-560F4EE66167}.Release|ARM.ActiveCfg = Release|Any CPU
		{4879EE8F-2740-498D-B401-560F4EE66167}.Release|ARM.Build.0 = Release|Any CPU
		{4879EE8F-2740-498D-B401-560F4EE66167}.Release|iPhone.ActiveCfg = Release|Any CPU
		{4879EE8F-2740-498D-B401-560F4EE66167}.Release|iPhone.Build.0 = Release|Any CPU
		{4879EE8F-2740-498D-B401-560F4EE66167}.Release|iPhoneSimulator.ActiveCfg = Release|Any CPU
		{4879EE8F-2740-498D-B401-560F4EE66167}.Release|iPhoneSimulator.Build.0 = Release|Any CPU
		{4879EE8F-2740-498D-B401-560F4EE66167}.Release|x86.ActiveCfg = Release|Any CPU
		{4879EE8F-2740-498D-B401-560F4EE66167}.Release|x86.Build.0 = Release|Any CPU
		{E64F9687-3682-40A7-BF49-A8AB9671E1DC}.AppStore|Any CPU.ActiveCfg = Release|Any CPU
		{E64F9687-3682-40A7-BF49-A8AB9671E1DC}.AppStore|Any CPU.Build.0 = Release|Any CPU
		{E64F9687-3682-40A7-BF49-A8AB9671E1DC}.AppStore|Any CPU.Deploy.0 = Release|Any CPU
		{E64F9687-3682-40A7-BF49-A8AB9671E1DC}.AppStore|ARM.ActiveCfg = Release|Any CPU
		{E64F9687-3682-40A7-BF49-A8AB9671E1DC}.AppStore|ARM.Build.0 = Release|Any CPU
		{E64F9687-3682-40A7-BF49-A8AB9671E1DC}.AppStore|ARM.Deploy.0 = Release|Any CPU
		{E64F9687-3682-40A7-BF49-A8AB9671E1DC}.AppStore|iPhone.ActiveCfg = Release|Any CPU
		{E64F9687-3682-40A7-BF49-A8AB9671E1DC}.AppStore|iPhone.Build.0 = Release|Any CPU
		{E64F9687-3682-40A7-BF49-A8AB9671E1DC}.AppStore|iPhone.Deploy.0 = Release|Any CPU
		{E64F9687-3682-40A7-BF49-A8AB9671E1DC}.AppStore|iPhoneSimulator.ActiveCfg = Release|Any CPU
		{E64F9687-3682-40A7-BF49-A8AB9671E1DC}.AppStore|iPhoneSimulator.Build.0 = Release|Any CPU
		{E64F9687-3682-40A7-BF49-A8AB9671E1DC}.AppStore|iPhoneSimulator.Deploy.0 = Release|Any CPU
		{E64F9687-3682-40A7-BF49-A8AB9671E1DC}.AppStore|x86.ActiveCfg = Release|Any CPU
		{E64F9687-3682-40A7-BF49-A8AB9671E1DC}.AppStore|x86.Build.0 = Release|Any CPU
		{E64F9687-3682-40A7-BF49-A8AB9671E1DC}.AppStore|x86.Deploy.0 = Release|Any CPU
		{E64F9687-3682-40A7-BF49-A8AB9671E1DC}.Debug|Any CPU.ActiveCfg = Debug|Any CPU
		{E64F9687-3682-40A7-BF49-A8AB9671E1DC}.Debug|Any CPU.Build.0 = Debug|Any CPU
		{E64F9687-3682-40A7-BF49-A8AB9671E1DC}.Debug|Any CPU.Deploy.0 = Debug|Any CPU
		{E64F9687-3682-40A7-BF49-A8AB9671E1DC}.Debug|ARM.ActiveCfg = Debug|Any CPU
		{E64F9687-3682-40A7-BF49-A8AB9671E1DC}.Debug|ARM.Build.0 = Debug|Any CPU
		{E64F9687-3682-40A7-BF49-A8AB9671E1DC}.Debug|ARM.Deploy.0 = Debug|Any CPU
		{E64F9687-3682-40A7-BF49-A8AB9671E1DC}.Debug|iPhone.ActiveCfg = Debug|Any CPU
		{E64F9687-3682-40A7-BF49-A8AB9671E1DC}.Debug|iPhone.Build.0 = Debug|Any CPU
		{E64F9687-3682-40A7-BF49-A8AB9671E1DC}.Debug|iPhone.Deploy.0 = Debug|Any CPU
		{E64F9687-3682-40A7-BF49-A8AB9671E1DC}.Debug|iPhoneSimulator.ActiveCfg = Debug|Any CPU
		{E64F9687-3682-40A7-BF49-A8AB9671E1DC}.Debug|iPhoneSimulator.Build.0 = Debug|Any CPU
		{E64F9687-3682-40A7-BF49-A8AB9671E1DC}.Debug|iPhoneSimulator.Deploy.0 = Debug|Any CPU
		{E64F9687-3682-40A7-BF49-A8AB9671E1DC}.Debug|x86.ActiveCfg = Debug|Any CPU
		{E64F9687-3682-40A7-BF49-A8AB9671E1DC}.Debug|x86.Build.0 = Debug|Any CPU
		{E64F9687-3682-40A7-BF49-A8AB9671E1DC}.Debug|x86.Deploy.0 = Debug|Any CPU
		{E64F9687-3682-40A7-BF49-A8AB9671E1DC}.Release|Any CPU.ActiveCfg = Release|Any CPU
		{E64F9687-3682-40A7-BF49-A8AB9671E1DC}.Release|Any CPU.Build.0 = Release|Any CPU
		{E64F9687-3682-40A7-BF49-A8AB9671E1DC}.Release|Any CPU.Deploy.0 = Release|Any CPU
		{E64F9687-3682-40A7-BF49-A8AB9671E1DC}.Release|ARM.ActiveCfg = Release|Any CPU
		{E64F9687-3682-40A7-BF49-A8AB9671E1DC}.Release|ARM.Build.0 = Release|Any CPU
		{E64F9687-3682-40A7-BF49-A8AB9671E1DC}.Release|ARM.Deploy.0 = Release|Any CPU
		{E64F9687-3682-40A7-BF49-A8AB9671E1DC}.Release|iPhone.ActiveCfg = Release|Any CPU
		{E64F9687-3682-40A7-BF49-A8AB9671E1DC}.Release|iPhone.Build.0 = Release|Any CPU
		{E64F9687-3682-40A7-BF49-A8AB9671E1DC}.Release|iPhone.Deploy.0 = Release|Any CPU
		{E64F9687-3682-40A7-BF49-A8AB9671E1DC}.Release|iPhoneSimulator.ActiveCfg = Release|Any CPU
		{E64F9687-3682-40A7-BF49-A8AB9671E1DC}.Release|iPhoneSimulator.Build.0 = Release|Any CPU
		{E64F9687-3682-40A7-BF49-A8AB9671E1DC}.Release|iPhoneSimulator.Deploy.0 = Release|Any CPU
		{E64F9687-3682-40A7-BF49-A8AB9671E1DC}.Release|x86.ActiveCfg = Release|Any CPU
		{E64F9687-3682-40A7-BF49-A8AB9671E1DC}.Release|x86.Build.0 = Release|Any CPU
		{E64F9687-3682-40A7-BF49-A8AB9671E1DC}.Release|x86.Deploy.0 = Release|Any CPU
		{847DDA6A-9788-4B74-86FE-E7471F7E5D77}.AppStore|Any CPU.ActiveCfg = Release|Any CPU
		{847DDA6A-9788-4B74-86FE-E7471F7E5D77}.AppStore|Any CPU.Build.0 = Release|Any CPU
		{847DDA6A-9788-4B74-86FE-E7471F7E5D77}.AppStore|ARM.ActiveCfg = Release|Any CPU
		{847DDA6A-9788-4B74-86FE-E7471F7E5D77}.AppStore|ARM.Build.0 = Release|Any CPU
		{847DDA6A-9788-4B74-86FE-E7471F7E5D77}.AppStore|iPhone.ActiveCfg = Release|Any CPU
		{847DDA6A-9788-4B74-86FE-E7471F7E5D77}.AppStore|iPhone.Build.0 = Release|Any CPU
		{847DDA6A-9788-4B74-86FE-E7471F7E5D77}.AppStore|iPhoneSimulator.ActiveCfg = Release|Any CPU
		{847DDA6A-9788-4B74-86FE-E7471F7E5D77}.AppStore|iPhoneSimulator.Build.0 = Release|Any CPU
		{847DDA6A-9788-4B74-86FE-E7471F7E5D77}.AppStore|x86.ActiveCfg = Release|Any CPU
		{847DDA6A-9788-4B74-86FE-E7471F7E5D77}.AppStore|x86.Build.0 = Release|Any CPU
		{847DDA6A-9788-4B74-86FE-E7471F7E5D77}.Debug|Any CPU.ActiveCfg = Debug|Any CPU
		{847DDA6A-9788-4B74-86FE-E7471F7E5D77}.Debug|Any CPU.Build.0 = Debug|Any CPU
		{847DDA6A-9788-4B74-86FE-E7471F7E5D77}.Debug|ARM.ActiveCfg = Debug|Any CPU
		{847DDA6A-9788-4B74-86FE-E7471F7E5D77}.Debug|ARM.Build.0 = Debug|Any CPU
		{847DDA6A-9788-4B74-86FE-E7471F7E5D77}.Debug|iPhone.ActiveCfg = Debug|Any CPU
		{847DDA6A-9788-4B74-86FE-E7471F7E5D77}.Debug|iPhone.Build.0 = Debug|Any CPU
		{847DDA6A-9788-4B74-86FE-E7471F7E5D77}.Debug|iPhoneSimulator.ActiveCfg = Debug|Any CPU
		{847DDA6A-9788-4B74-86FE-E7471F7E5D77}.Debug|iPhoneSimulator.Build.0 = Debug|Any CPU
		{847DDA6A-9788-4B74-86FE-E7471F7E5D77}.Debug|x86.ActiveCfg = Debug|Any CPU
		{847DDA6A-9788-4B74-86FE-E7471F7E5D77}.Debug|x86.Build.0 = Debug|Any CPU
		{847DDA6A-9788-4B74-86FE-E7471F7E5D77}.Release|Any CPU.ActiveCfg = Release|Any CPU
		{847DDA6A-9788-4B74-86FE-E7471F7E5D77}.Release|Any CPU.Build.0 = Release|Any CPU
		{847DDA6A-9788-4B74-86FE-E7471F7E5D77}.Release|ARM.ActiveCfg = Release|Any CPU
		{847DDA6A-9788-4B74-86FE-E7471F7E5D77}.Release|ARM.Build.0 = Release|Any CPU
		{847DDA6A-9788-4B74-86FE-E7471F7E5D77}.Release|iPhone.ActiveCfg = Release|Any CPU
		{847DDA6A-9788-4B74-86FE-E7471F7E5D77}.Release|iPhone.Build.0 = Release|Any CPU
		{847DDA6A-9788-4B74-86FE-E7471F7E5D77}.Release|iPhoneSimulator.ActiveCfg = Release|Any CPU
		{847DDA6A-9788-4B74-86FE-E7471F7E5D77}.Release|iPhoneSimulator.Build.0 = Release|Any CPU
		{847DDA6A-9788-4B74-86FE-E7471F7E5D77}.Release|x86.ActiveCfg = Release|Any CPU
		{847DDA6A-9788-4B74-86FE-E7471F7E5D77}.Release|x86.Build.0 = Release|Any CPU
	EndGlobalSection
	GlobalSection(SolutionProperties) = preSolution
		HideSolutionNode = FALSE
	EndGlobalSection
EndGlobal
